
Microsoft Visual Studio Solution File, Format Version 12.00
# Visual Studio Version 16
VisualStudioVersion = 16.0.31729.503
MinimumVisualStudioVersion = 10.0.40219.1
Project("{9A19103F-16F7-4668-BE54-9A1E7A4F7556}") = "CRM Auto", "CRM Auto\CRM Auto.csproj", "{4E3CEC81-8A92-4437-ABBD-67CF43FF58B5}"
EndProject
Global
	GlobalSection(SolutionConfigurationPlatforms) = preSolution
		Debug|Any CPU = Debug|Any CPU
		Release|Any CPU = Release|Any CPU
	EndGlobalSection
	GlobalSection(ProjectConfigurationPlatforms) = postSolution
		{4E3CEC81-8A92-4437-ABBD-67CF43FF58B5}.Debug|Any CPU.ActiveCfg = Debug|Any CPU
		{4E3CEC81-8A92-4437-ABBD-67CF43FF58B5}.Debug|Any CPU.Build.0 = Debug|Any CPU
		{4E3CEC81-8A92-4437-ABBD-67CF43FF58B5}.Release|Any CPU.ActiveCfg = Release|Any CPU
		{4E3CEC81-8A92-4437-ABBD-67CF43FF58B5}.Release|Any CPU.Build.0 = Release|Any CPU
	EndGlobalSection
	GlobalSection(SolutionProperties) = preSolution
		HideSolutionNode = FALSE
	EndGlobalSection
	GlobalSection(ExtensibilityGlobals) = postSolution
		SolutionGuid = {3769AA21-088F-47C4-90B5-28DBA9B1697D}
	EndGlobalSection
EndGlobal
